
Microsoft Visual Studio Solution File, Format Version 12.00
# Visual Studio Version 17
VisualStudioVersion = 17.14.36623.8 d17.14
MinimumVisualStudioVersion = 10.0.40219.1
Project("{FAE04EC0-301F-11D3-BF4B-00C04F79EFBC}") = "StockAPI", "StockAPI.csproj", "{B267E6B3-9B15-416B-9ED3-B875DB91307F}"
EndProject
Global
	GlobalSection(SolutionConfigurationPlatforms) = preSolution
		Debug|Any CPU = Debug|Any CPU
		Release|Any CPU = Release|Any CPU
	EndGlobalSection
	GlobalSection(ProjectConfigurationPlatforms) = postSolution
		{B267E6B3-9B15-416B-9ED3-B875DB91307F}.Debug|Any CPU.ActiveCfg = Debug|Any CPU
		{B267E6B3-9B15-416B-9ED3-B875DB91307F}.Debug|Any CPU.Build.0 = Debug|Any CPU
		{B267E6B3-9B15-416B-9ED3-B875DB91307F}.Release|Any CPU.ActiveCfg = Release|Any CPU
		{B267E6B3-9B15-416B-9ED3-B875DB91307F}.Release|Any CPU.Build.0 = Release|Any CPU
	EndGlobalSection
	GlobalSection(SolutionProperties) = preSolution
		HideSolutionNode = FALSE
	EndGlobalSection
	GlobalSection(ExtensibilityGlobals) = postSolution
		SolutionGuid = {06D74BCF-8AEE-447D-96BF-75251D0358BB}
	EndGlobalSection
EndGlobal
